// !$*UTF8*$!
{
	archiveVersion = 1;
	classes = {
	};
	objectVersion = 56;
	objects = {

/* Begin PBXBuildFile section */
		68E8984A9F906352232B250D /* Pods_ImmutableXApp.framework in Frameworks */ = {isa = PBXBuildFile; fileRef = 36F1A12B14BE74FCE4059324 /* Pods_ImmutableXApp.framework */; };
		80AC39262996A4DB00734D0B /* Optional.swift in Sources */ = {isa = PBXBuildFile; fileRef = 80AC39252996A4DB00734D0B /* Optional.swift */; };
		80AC39282996D77C00734D0B /* GameViewController.swift in Sources */ = {isa = PBXBuildFile; fileRef = 80AC39272996D77C00734D0B /* GameViewController.swift */; };
		80AC39812997AD6500734D0B /* HomeViewController.swift in Sources */ = {isa = PBXBuildFile; fileRef = 80AC39802997AD6500734D0B /* HomeViewController.swift */; };
		80AC39862997B9E800734D0B /* GeometryFighter.scnassets in Resources */ = {isa = PBXBuildFile; fileRef = 80AC39852997B9E800734D0B /* GeometryFighter.scnassets */; };
		80AC39912997BDFF00734D0B /* UIColor+Extensions.swift in Sources */ = {isa = PBXBuildFile; fileRef = 80AC398A2997BDFE00734D0B /* UIColor+Extensions.swift */; };
		80AC39922997BDFF00734D0B /* Float+Extensions.swift in Sources */ = {isa = PBXBuildFile; fileRef = 80AC398B2997BDFE00734D0B /* Float+Extensions.swift */; };
		80AC39932997BDFF00734D0B /* SCNAction+Extensions.swift in Sources */ = {isa = PBXBuildFile; fileRef = 80AC398C2997BDFE00734D0B /* SCNAction+Extensions.swift */; };
		80AC39942997BDFF00734D0B /* GameHelper.swift in Sources */ = {isa = PBXBuildFile; fileRef = 80AC398D2997BDFE00734D0B /* GameHelper.swift */; };
		80AC39952997BDFF00734D0B /* Double+Extensions.swift in Sources */ = {isa = PBXBuildFile; fileRef = 80AC398E2997BDFE00734D0B /* Double+Extensions.swift */; };
		80AC39962997BDFF00734D0B /* Int+Extensions.swift in Sources */ = {isa = PBXBuildFile; fileRef = 80AC398F2997BDFE00734D0B /* Int+Extensions.swift */; };
		80AC39972997BDFF00734D0B /* Generics.swift in Sources */ = {isa = PBXBuildFile; fileRef = 80AC39902997BDFE00734D0B /* Generics.swift */; };
		80AC399C2997D71B00734D0B /* Wink in Frameworks */ = {isa = PBXBuildFile; productRef = 80AC399B2997D71B00734D0B /* Wink */; };
		80AC399E2997DF7E00734D0B /* GameViewModel.swift in Sources */ = {isa = PBXBuildFile; fileRef = 80AC399D2997DF7E00734D0B /* GameViewModel.swift */; };
		80AC39A0299800D600734D0B /* CGFloat+Ext.swift in Sources */ = {isa = PBXBuildFile; fileRef = 80AC399F299800D600734D0B /* CGFloat+Ext.swift */; };
		80AC39A2299809F800734D0B /* SCNNode+Ext.swift in Sources */ = {isa = PBXBuildFile; fileRef = 80AC39A1299809F800734D0B /* SCNNode+Ext.swift */; };
		80AC39A92998416E00734D0B /* GameOverViewController.swift in Sources */ = {isa = PBXBuildFile; fileRef = 80AC39A82998416E00734D0B /* GameOverViewController.swift */; };
		80AC39AC2998556D00734D0B /* HttpManager.swift in Sources */ = {isa = PBXBuildFile; fileRef = 80AC39AB2998556D00734D0B /* HttpManager.swift */; };
		80CB00D2299696600064003F /* AppDelegate.swift in Sources */ = {isa = PBXBuildFile; fileRef = 80CB00D1299696600064003F /* AppDelegate.swift */; };
		80CB00D4299696600064003F /* SceneDelegate.swift in Sources */ = {isa = PBXBuildFile; fileRef = 80CB00D3299696600064003F /* SceneDelegate.swift */; };
		80CB00D6299696600064003F /* ViewController.swift in Sources */ = {isa = PBXBuildFile; fileRef = 80CB00D5299696600064003F /* ViewController.swift */; };
		80CB00D9299696600064003F /* Main.storyboard in Resources */ = {isa = PBXBuildFile; fileRef = 80CB00D7299696600064003F /* Main.storyboard */; };
		80CB00DB299696630064003F /* Assets.xcassets in Resources */ = {isa = PBXBuildFile; fileRef = 80CB00DA299696630064003F /* Assets.xcassets */; };
		80CB00DE299696630064003F /* LaunchScreen.storyboard in Resources */ = {isa = PBXBuildFile; fileRef = 80CB00DC299696630064003F /* LaunchScreen.storyboard */; };
		80CB00F3299696F00064003F /* ErrorModel.swift in Sources */ = {isa = PBXBuildFile; fileRef = 80CB00F0299696F00064003F /* ErrorModel.swift */; };
		80CB00F4299696F00064003F /* LoginState.swift in Sources */ = {isa = PBXBuildFile; fileRef = 80CB00F1299696F00064003F /* LoginState.swift */; };
		80CB00F5299696F00064003F /* ConnectedState.swift in Sources */ = {isa = PBXBuildFile; fileRef = 80CB00F2299696F00064003F /* ConnectedState.swift */; };
		80CB00FF2996A2920064003F /* HomeViewModel.swift in Sources */ = {isa = PBXBuildFile; fileRef = 80CB00FD2996A2920064003F /* HomeViewModel.swift */; };
		80CB01002996A2920064003F /* HomeView.swift in Sources */ = {isa = PBXBuildFile; fileRef = 80CB00FE2996A2920064003F /* HomeView.swift */; };
		DA14D3E92997BDBB0059EC86 /* AssetView.swift in Sources */ = {isa = PBXBuildFile; fileRef = DA14D3E82997BDBB0059EC86 /* AssetView.swift */; };
		DA14D3EB2997C04D0059EC86 /* GrayButtonView.swift in Sources */ = {isa = PBXBuildFile; fileRef = DA14D3EA2997C04D0059EC86 /* GrayButtonView.swift */; };
		DA14D3ED2997C05D0059EC86 /* GrayButtonTextView.swift in Sources */ = {isa = PBXBuildFile; fileRef = DA14D3EC2997C05D0059EC86 /* GrayButtonTextView.swift */; };
		DA14D3EF2997C0830059EC86 /* GrayButton.swift in Sources */ = {isa = PBXBuildFile; fileRef = DA14D3EE2997C0830059EC86 /* GrayButton.swift */; };
		DA14D3F12997D5180059EC86 /* ProfileViewController.swift in Sources */ = {isa = PBXBuildFile; fileRef = DA14D3F02997D5180059EC86 /* ProfileViewController.swift */; };
		DA14D3F32997D8310059EC86 /* ProfileView.swift in Sources */ = {isa = PBXBuildFile; fileRef = DA14D3F22997D8310059EC86 /* ProfileView.swift */; };
		DA14D3F62997F87E0059EC86 /* AssetViewController.swift in Sources */ = {isa = PBXBuildFile; fileRef = DA14D3F52997F87E0059EC86 /* AssetViewController.swift */; };
		DA14D3F82997FEAB0059EC86 /* AssetViewCell.swift in Sources */ = {isa = PBXBuildFile; fileRef = DA14D3F72997FEAB0059EC86 /* AssetViewCell.swift */; };
		DA14D3FA29980BFB0059EC86 /* TopBarView.swift in Sources */ = {isa = PBXBuildFile; fileRef = DA14D3F929980BFB0059EC86 /* TopBarView.swift */; };
		DA14D3FF29982D100059EC86 /* GameOverView.swift in Sources */ = {isa = PBXBuildFile; fileRef = DA14D3FE29982D100059EC86 /* GameOverView.swift */; };
		DA14D401299891FB0059EC86 /* MarketView.swift in Sources */ = {isa = PBXBuildFile; fileRef = DA14D400299891FB0059EC86 /* MarketView.swift */; };
		DA14D4042998D9B10059EC86 /* MarketplaceViewController.swift in Sources */ = {isa = PBXBuildFile; fileRef = DA14D4032998D9B10059EC86 /* MarketplaceViewController.swift */; };
		DA14D4062998DAB30059EC86 /* StatsCell.swift in Sources */ = {isa = PBXBuildFile; fileRef = DA14D4052998DAB30059EC86 /* StatsCell.swift */; };
		DA14D4082998DAC50059EC86 /* OverviewCell.swift in Sources */ = {isa = PBXBuildFile; fileRef = DA14D4072998DAC50059EC86 /* OverviewCell.swift */; };
		DA14D40A2998DCE40059EC86 /* ForyouMarketplaceSlider.swift in Sources */ = {isa = PBXBuildFile; fileRef = DA14D4092998DCE40059EC86 /* ForyouMarketplaceSlider.swift */; };
		DA14D40C2998FC5C0059EC86 /* Font.ttf in Resources */ = {isa = PBXBuildFile; fileRef = DA14D40B2998FC5C0059EC86 /* Font.ttf */; };
		DAF71A912997AE90007D2332 /* UIView+Ext.swift in Sources */ = {isa = PBXBuildFile; fileRef = DAF71A902997AE90007D2332 /* UIView+Ext.swift */; };
		DAF71A932997AEB8007D2332 /* UIButton+Ext.swift in Sources */ = {isa = PBXBuildFile; fileRef = DAF71A922997AEB8007D2332 /* UIButton+Ext.swift */; };
		DAF71A952997AED7007D2332 /* UILabel+Ext.swift in Sources */ = {isa = PBXBuildFile; fileRef = DAF71A942997AED7007D2332 /* UILabel+Ext.swift */; };
		DAF71A972997AEE9007D2332 /* UIColor+Ext.swift in Sources */ = {isa = PBXBuildFile; fileRef = DAF71A962997AEE9007D2332 /* UIColor+Ext.swift */; };
		DAF71A992997AEF8007D2332 /* UICollectionView+Ext.swift in Sources */ = {isa = PBXBuildFile; fileRef = DAF71A982997AEF8007D2332 /* UICollectionView+Ext.swift */; };
		DAF71A9B2997AFC6007D2332 /* PlayView.swift in Sources */ = {isa = PBXBuildFile; fileRef = DAF71A9A2997AFC6007D2332 /* PlayView.swift */; };
/* End PBXBuildFile section */

/* Begin PBXFileReference section */
		36F1A12B14BE74FCE4059324 /* Pods_ImmutableXApp.framework */ = {isa = PBXFileReference; explicitFileType = wrapper.framework; includeInIndex = 0; path = Pods_ImmutableXApp.framework; sourceTree = BUILT_PRODUCTS_DIR; };
		80AC39252996A4DB00734D0B /* Optional.swift */ = {isa = PBXFileReference; lastKnownFileType = sourcecode.swift; path = Optional.swift; sourceTree = "<group>"; };
		80AC39272996D77C00734D0B /* GameViewController.swift */ = {isa = PBXFileReference; lastKnownFileType = sourcecode.swift; path = GameViewController.swift; sourceTree = "<group>"; };
		80AC39802997AD6500734D0B /* HomeViewController.swift */ = {isa = PBXFileReference; lastKnownFileType = sourcecode.swift; path = HomeViewController.swift; sourceTree = "<group>"; };
		80AC39852997B9E800734D0B /* GeometryFighter.scnassets */ = {isa = PBXFileReference; lastKnownFileType = wrapper.scnassets; path = GeometryFighter.scnassets; sourceTree = "<group>"; };
		80AC398A2997BDFE00734D0B /* UIColor+Extensions.swift */ = {isa = PBXFileReference; fileEncoding = 4; lastKnownFileType = sourcecode.swift; path = "UIColor+Extensions.swift"; sourceTree = "<group>"; };
		80AC398B2997BDFE00734D0B /* Float+Extensions.swift */ = {isa = PBXFileReference; fileEncoding = 4; lastKnownFileType = sourcecode.swift; path = "Float+Extensions.swift"; sourceTree = "<group>"; };
		80AC398C2997BDFE00734D0B /* SCNAction+Extensions.swift */ = {isa = PBXFileReference; fileEncoding = 4; lastKnownFileType = sourcecode.swift; path = "SCNAction+Extensions.swift"; sourceTree = "<group>"; };
		80AC398D2997BDFE00734D0B /* GameHelper.swift */ = {isa = PBXFileReference; fileEncoding = 4; lastKnownFileType = sourcecode.swift; path = GameHelper.swift; sourceTree = "<group>"; };
		80AC398E2997BDFE00734D0B /* Double+Extensions.swift */ = {isa = PBXFileReference; fileEncoding = 4; lastKnownFileType = sourcecode.swift; path = "Double+Extensions.swift"; sourceTree = "<group>"; };
		80AC398F2997BDFE00734D0B /* Int+Extensions.swift */ = {isa = PBXFileReference; fileEncoding = 4; lastKnownFileType = sourcecode.swift; path = "Int+Extensions.swift"; sourceTree = "<group>"; };
		80AC39902997BDFE00734D0B /* Generics.swift */ = {isa = PBXFileReference; fileEncoding = 4; lastKnownFileType = sourcecode.swift; path = Generics.swift; sourceTree = "<group>"; };
		80AC399D2997DF7E00734D0B /* GameViewModel.swift */ = {isa = PBXFileReference; lastKnownFileType = sourcecode.swift; path = GameViewModel.swift; sourceTree = "<group>"; };
		80AC399F299800D600734D0B /* CGFloat+Ext.swift */ = {isa = PBXFileReference; lastKnownFileType = sourcecode.swift; path = "CGFloat+Ext.swift"; sourceTree = "<group>"; };
		80AC39A1299809F800734D0B /* SCNNode+Ext.swift */ = {isa = PBXFileReference; lastKnownFileType = sourcecode.swift; path = "SCNNode+Ext.swift"; sourceTree = "<group>"; };
		80AC39A52998310400734D0B /* Background.png */ = {isa = PBXFileReference; lastKnownFileType = image.png; path = Background.png; sourceTree = "<group>"; };
		80AC39A82998416E00734D0B /* GameOverViewController.swift */ = {isa = PBXFileReference; lastKnownFileType = sourcecode.swift; path = GameOverViewController.swift; sourceTree = "<group>"; };
		80AC39AB2998556D00734D0B /* HttpManager.swift */ = {isa = PBXFileReference; lastKnownFileType = sourcecode.swift; path = HttpManager.swift; sourceTree = "<group>"; };
		80CB00CE299696600064003F /* ImmutableXApp.app */ = {isa = PBXFileReference; explicitFileType = wrapper.application; includeInIndex = 0; path = ImmutableXApp.app; sourceTree = BUILT_PRODUCTS_DIR; };
		80CB00D1299696600064003F /* AppDelegate.swift */ = {isa = PBXFileReference; lastKnownFileType = sourcecode.swift; path = AppDelegate.swift; sourceTree = "<group>"; };
		80CB00D3299696600064003F /* SceneDelegate.swift */ = {isa = PBXFileReference; lastKnownFileType = sourcecode.swift; path = SceneDelegate.swift; sourceTree = "<group>"; };
		80CB00D5299696600064003F /* ViewController.swift */ = {isa = PBXFileReference; lastKnownFileType = sourcecode.swift; path = ViewController.swift; sourceTree = "<group>"; };
		80CB00D8299696600064003F /* Base */ = {isa = PBXFileReference; lastKnownFileType = file.storyboard; name = Base; path = Base.lproj/Main.storyboard; sourceTree = "<group>"; };
		80CB00DA299696630064003F /* Assets.xcassets */ = {isa = PBXFileReference; lastKnownFileType = folder.assetcatalog; path = Assets.xcassets; sourceTree = "<group>"; };
		80CB00DD299696630064003F /* Base */ = {isa = PBXFileReference; lastKnownFileType = file.storyboard; name = Base; path = Base.lproj/LaunchScreen.storyboard; sourceTree = "<group>"; };
		80CB00DF299696630064003F /* Info.plist */ = {isa = PBXFileReference; lastKnownFileType = text.plist.xml; path = Info.plist; sourceTree = "<group>"; };
		80CB00F0299696F00064003F /* ErrorModel.swift */ = {isa = PBXFileReference; fileEncoding = 4; lastKnownFileType = sourcecode.swift; path = ErrorModel.swift; sourceTree = "<group>"; };
		80CB00F1299696F00064003F /* LoginState.swift */ = {isa = PBXFileReference; fileEncoding = 4; lastKnownFileType = sourcecode.swift; path = LoginState.swift; sourceTree = "<group>"; };
		80CB00F2299696F00064003F /* ConnectedState.swift */ = {isa = PBXFileReference; fileEncoding = 4; lastKnownFileType = sourcecode.swift; path = ConnectedState.swift; sourceTree = "<group>"; };
		80CB00FD2996A2920064003F /* HomeViewModel.swift */ = {isa = PBXFileReference; fileEncoding = 4; lastKnownFileType = sourcecode.swift; path = HomeViewModel.swift; sourceTree = "<group>"; };
		80CB00FE2996A2920064003F /* HomeView.swift */ = {isa = PBXFileReference; fileEncoding = 4; lastKnownFileType = sourcecode.swift; path = HomeView.swift; sourceTree = "<group>"; };
		890EEEF61264A157E57FE9FE /* Pods-ImmutableXApp.release.xcconfig */ = {isa = PBXFileReference; includeInIndex = 1; lastKnownFileType = text.xcconfig; name = "Pods-ImmutableXApp.release.xcconfig"; path = "Target Support Files/Pods-ImmutableXApp/Pods-ImmutableXApp.release.xcconfig"; sourceTree = "<group>"; };
		CF7CAC18D586621601DDF87D /* Pods-ImmutableXApp.debug.xcconfig */ = {isa = PBXFileReference; includeInIndex = 1; lastKnownFileType = text.xcconfig; name = "Pods-ImmutableXApp.debug.xcconfig"; path = "Target Support Files/Pods-ImmutableXApp/Pods-ImmutableXApp.debug.xcconfig"; sourceTree = "<group>"; };
		DA14D3E82997BDBB0059EC86 /* AssetView.swift */ = {isa = PBXFileReference; lastKnownFileType = sourcecode.swift; path = AssetView.swift; sourceTree = "<group>"; };
		DA14D3EA2997C04D0059EC86 /* GrayButtonView.swift */ = {isa = PBXFileReference; lastKnownFileType = sourcecode.swift; path = GrayButtonView.swift; sourceTree = "<group>"; };
		DA14D3EC2997C05D0059EC86 /* GrayButtonTextView.swift */ = {isa = PBXFileReference; lastKnownFileType = sourcecode.swift; path = GrayButtonTextView.swift; sourceTree = "<group>"; };
		DA14D3EE2997C0830059EC86 /* GrayButton.swift */ = {isa = PBXFileReference; lastKnownFileType = sourcecode.swift; path = GrayButton.swift; sourceTree = "<group>"; };
		DA14D3F02997D5180059EC86 /* ProfileViewController.swift */ = {isa = PBXFileReference; lastKnownFileType = sourcecode.swift; path = ProfileViewController.swift; sourceTree = "<group>"; };
		DA14D3F22997D8310059EC86 /* ProfileView.swift */ = {isa = PBXFileReference; lastKnownFileType = sourcecode.swift; path = ProfileView.swift; sourceTree = "<group>"; };
		DA14D3F52997F87E0059EC86 /* AssetViewController.swift */ = {isa = PBXFileReference; lastKnownFileType = sourcecode.swift; path = AssetViewController.swift; sourceTree = "<group>"; };
		DA14D3F72997FEAB0059EC86 /* AssetViewCell.swift */ = {isa = PBXFileReference; lastKnownFileType = sourcecode.swift; path = AssetViewCell.swift; sourceTree = "<group>"; };
		DA14D3F929980BFB0059EC86 /* TopBarView.swift */ = {isa = PBXFileReference; lastKnownFileType = sourcecode.swift; path = TopBarView.swift; sourceTree = "<group>"; };
		DA14D3FE29982D100059EC86 /* GameOverView.swift */ = {isa = PBXFileReference; lastKnownFileType = sourcecode.swift; path = GameOverView.swift; sourceTree = "<group>"; };
		DA14D400299891FB0059EC86 /* MarketView.swift */ = {isa = PBXFileReference; lastKnownFileType = sourcecode.swift; path = MarketView.swift; sourceTree = "<group>"; };
		DA14D4032998D9B10059EC86 /* MarketplaceViewController.swift */ = {isa = PBXFileReference; lastKnownFileType = sourcecode.swift; path = MarketplaceViewController.swift; sourceTree = "<group>"; };
		DA14D4052998DAB30059EC86 /* StatsCell.swift */ = {isa = PBXFileReference; lastKnownFileType = sourcecode.swift; path = StatsCell.swift; sourceTree = "<group>"; };
		DA14D4072998DAC50059EC86 /* OverviewCell.swift */ = {isa = PBXFileReference; lastKnownFileType = sourcecode.swift; path = OverviewCell.swift; sourceTree = "<group>"; };
		DA14D4092998DCE40059EC86 /* ForyouMarketplaceSlider.swift */ = {isa = PBXFileReference; lastKnownFileType = sourcecode.swift; path = ForyouMarketplaceSlider.swift; sourceTree = "<group>"; };
		DA14D40B2998FC5C0059EC86 /* Font.ttf */ = {isa = PBXFileReference; lastKnownFileType = file; path = Font.ttf; sourceTree = "<group>"; };
		DAF71A902997AE90007D2332 /* UIView+Ext.swift */ = {isa = PBXFileReference; lastKnownFileType = sourcecode.swift; path = "UIView+Ext.swift"; sourceTree = "<group>"; };
		DAF71A922997AEB8007D2332 /* UIButton+Ext.swift */ = {isa = PBXFileReference; lastKnownFileType = sourcecode.swift; path = "UIButton+Ext.swift"; sourceTree = "<group>"; };
		DAF71A942997AED7007D2332 /* UILabel+Ext.swift */ = {isa = PBXFileReference; lastKnownFileType = sourcecode.swift; path = "UILabel+Ext.swift"; sourceTree = "<group>"; };
		DAF71A962997AEE9007D2332 /* UIColor+Ext.swift */ = {isa = PBXFileReference; lastKnownFileType = sourcecode.swift; path = "UIColor+Ext.swift"; sourceTree = "<group>"; };
		DAF71A982997AEF8007D2332 /* UICollectionView+Ext.swift */ = {isa = PBXFileReference; lastKnownFileType = sourcecode.swift; path = "UICollectionView+Ext.swift"; sourceTree = "<group>"; };
		DAF71A9A2997AFC6007D2332 /* PlayView.swift */ = {isa = PBXFileReference; lastKnownFileType = sourcecode.swift; path = PlayView.swift; sourceTree = "<group>"; };
/* End PBXFileReference section */

/* Begin PBXFrameworksBuildPhase section */
		80CB00CB299696600064003F /* Frameworks */ = {
			isa = PBXFrameworksBuildPhase;
			buildActionMask = 2147483647;
			files = (
				68E8984A9F906352232B250D /* Pods_ImmutableXApp.framework in Frameworks */,
				80AC399C2997D71B00734D0B /* Wink in Frameworks */,
			);
			runOnlyForDeploymentPostprocessing = 0;
		};
/* End PBXFrameworksBuildPhase section */

/* Begin PBXGroup section */
		45DC86DE72DE889DD42A4A49 /* Pods */ = {
			isa = PBXGroup;
			children = (
				CF7CAC18D586621601DDF87D /* Pods-ImmutableXApp.debug.xcconfig */,
				890EEEF61264A157E57FE9FE /* Pods-ImmutableXApp.release.xcconfig */,
			);
			path = Pods;
			sourceTree = "<group>";
		};
		80AC397F2997AD5500734D0B /* Home */ = {
			isa = PBXGroup;
			children = (
				DA14D40B2998FC5C0059EC86 /* Font.ttf */,
				80AC39802997AD6500734D0B /* HomeViewController.swift */,
				DAF71A9A2997AFC6007D2332 /* PlayView.swift */,
				DA14D3E82997BDBB0059EC86 /* AssetView.swift */,
				DA14D400299891FB0059EC86 /* MarketView.swift */,
				DA14D3EA2997C04D0059EC86 /* GrayButtonView.swift */,
				DA14D3EC2997C05D0059EC86 /* GrayButtonTextView.swift */,
				DA14D3EE2997C0830059EC86 /* GrayButton.swift */,
				DA14D3F02997D5180059EC86 /* ProfileViewController.swift */,
				DA14D3F22997D8310059EC86 /* ProfileView.swift */,
				DA14D3F929980BFB0059EC86 /* TopBarView.swift */,
			);
			path = Home;
			sourceTree = "<group>";
		};
		80AC39822997AD9100734D0B /* Testing */ = {
			isa = PBXGroup;
			children = (
				80AC39272996D77C00734D0B /* GameViewController.swift */,
				80AC399D2997DF7E00734D0B /* GameViewModel.swift */,
			);
			path = Testing;
			sourceTree = "<group>";
		};
		80AC39892997BDEF00734D0B /* Resources */ = {
			isa = PBXGroup;
			children = (
				80AC398E2997BDFE00734D0B /* Double+Extensions.swift */,
				80AC398B2997BDFE00734D0B /* Float+Extensions.swift */,
				80AC398D2997BDFE00734D0B /* GameHelper.swift */,
				80AC39902997BDFE00734D0B /* Generics.swift */,
				80AC398F2997BDFE00734D0B /* Int+Extensions.swift */,
				80AC398C2997BDFE00734D0B /* SCNAction+Extensions.swift */,
				80AC398A2997BDFE00734D0B /* UIColor+Extensions.swift */,
				80AC399F299800D600734D0B /* CGFloat+Ext.swift */,
			);
			path = Resources;
			sourceTree = "<group>";
		};
		80AC39AA2998556000734D0B /* Api */ = {
			isa = PBXGroup;
			children = (
				80AC39AB2998556D00734D0B /* HttpManager.swift */,
			);
			path = Api;
			sourceTree = "<group>";
		};
		80CB00C5299696600064003F = {
			isa = PBXGroup;
			children = (
				80CB00D0299696600064003F /* ImmutableXApp */,
				80CB00CF299696600064003F /* Products */,
				45DC86DE72DE889DD42A4A49 /* Pods */,
				FC26FB823E130F50D8FE7448 /* Frameworks */,
			);
			sourceTree = "<group>";
		};
		80CB00CF299696600064003F /* Products */ = {
			isa = PBXGroup;
			children = (
				80CB00CE299696600064003F /* ImmutableXApp.app */,
			);
			name = Products;
			sourceTree = "<group>";
		};
		80CB00D0299696600064003F /* ImmutableXApp */ = {
			isa = PBXGroup;
			children = (
				DA14D4022998D9A20059EC86 /* Marketplace */,
				80AC39AA2998556000734D0B /* Api */,
				DA14D3FB29982AD50059EC86 /* Game */,
				80AC39A52998310400734D0B /* Background.png */,
				80AC39892997BDEF00734D0B /* Resources */,
				80AC39852997B9E800734D0B /* GeometryFighter.scnassets */,
				DAF71A8F2997AE81007D2332 /* Extensions */,
				80CB00E5299696700064003F /* Core */,
				80AC39822997AD9100734D0B /* Testing */,
				80AC397F2997AD5500734D0B /* Home */,
				DA14D3F42997F8670059EC86 /* ViewAssets */,
				80CB00FC2996A2880064003F /* LoginSwitUI */,
				80CB00DF299696630064003F /* Info.plist */,
			);
			path = ImmutableXApp;
			sourceTree = "<group>";
		};
		80CB00E5299696700064003F /* Core */ = {
			isa = PBXGroup;
			children = (
				80CB00D1299696600064003F /* AppDelegate.swift */,
				80CB00D3299696600064003F /* SceneDelegate.swift */,
				80CB00D5299696600064003F /* ViewController.swift */,
				80CB00D7299696600064003F /* Main.storyboard */,
				80CB00DA299696630064003F /* Assets.xcassets */,
				80CB00DC299696630064003F /* LaunchScreen.storyboard */,
			);
			path = Core;
			sourceTree = "<group>";
		};
		80CB00FC2996A2880064003F /* LoginSwitUI */ = {
			isa = PBXGroup;
			children = (
				80CB00F0299696F00064003F /* ErrorModel.swift */,
				80CB00F2299696F00064003F /* ConnectedState.swift */,
				80CB00F1299696F00064003F /* LoginState.swift */,
				80CB00FE2996A2920064003F /* HomeView.swift */,
				80CB00FD2996A2920064003F /* HomeViewModel.swift */,
				80AC39252996A4DB00734D0B /* Optional.swift */,
			);
			path = LoginSwitUI;
			sourceTree = "<group>";
		};
		DA14D3F42997F8670059EC86 /* ViewAssets */ = {
			isa = PBXGroup;
			children = (
				DA14D3F52997F87E0059EC86 /* AssetViewController.swift */,
				DA14D3F72997FEAB0059EC86 /* AssetViewCell.swift */,
			);
			path = ViewAssets;
			sourceTree = "<group>";
		};
		DA14D3FB29982AD50059EC86 /* Game */ = {
			isa = PBXGroup;
			children = (
				DA14D3FE29982D100059EC86 /* GameOverView.swift */,
				80AC39A82998416E00734D0B /* GameOverViewController.swift */,
			);
			path = Game;
			sourceTree = "<group>";
		};
		DA14D4022998D9A20059EC86 /* Marketplace */ = {
			isa = PBXGroup;
			children = (
				DA14D4032998D9B10059EC86 /* MarketplaceViewController.swift */,
				DA14D4052998DAB30059EC86 /* StatsCell.swift */,
				DA14D4072998DAC50059EC86 /* OverviewCell.swift */,
				DA14D4092998DCE40059EC86 /* ForyouMarketplaceSlider.swift */,
			);
			path = Marketplace;
			sourceTree = "<group>";
		};
		DAF71A8F2997AE81007D2332 /* Extensions */ = {
			isa = PBXGroup;
			children = (
				DAF71A902997AE90007D2332 /* UIView+Ext.swift */,
				DAF71A922997AEB8007D2332 /* UIButton+Ext.swift */,
				DAF71A942997AED7007D2332 /* UILabel+Ext.swift */,
				DAF71A962997AEE9007D2332 /* UIColor+Ext.swift */,
				DAF71A982997AEF8007D2332 /* UICollectionView+Ext.swift */,
				80AC39A1299809F800734D0B /* SCNNode+Ext.swift */,
			);
			path = Extensions;
			sourceTree = "<group>";
		};
		FC26FB823E130F50D8FE7448 /* Frameworks */ = {
			isa = PBXGroup;
			children = (
				36F1A12B14BE74FCE4059324 /* Pods_ImmutableXApp.framework */,
			);
			name = Frameworks;
			sourceTree = "<group>";
		};
/* End PBXGroup section */

/* Begin PBXNativeTarget section */
		80CB00CD299696600064003F /* ImmutableXApp */ = {
			isa = PBXNativeTarget;
			buildConfigurationList = 80CB00E2299696630064003F /* Build configuration list for PBXNativeTarget "ImmutableXApp" */;
			buildPhases = (
				811C97C886B74CF50F5FC3B0 /* [CP] Check Pods Manifest.lock */,
				80CB00CA299696600064003F /* Sources */,
				80CB00CB299696600064003F /* Frameworks */,
				80CB00CC299696600064003F /* Resources */,
				0DCBE9A3A8006F711B8A9DE9 /* [CP] Embed Pods Frameworks */,
			);
			buildRules = (
			);
			dependencies = (
			);
			name = ImmutableXApp;
			packageProductDependencies = (
				80AC399B2997D71B00734D0B /* Wink */,
			);
			productName = ImmutableXApp;
			productReference = 80CB00CE299696600064003F /* ImmutableXApp.app */;
			productType = "com.apple.product-type.application";
		};
/* End PBXNativeTarget section */

/* Begin PBXProject section */
		80CB00C6299696600064003F /* Project object */ = {
			isa = PBXProject;
			attributes = {
				BuildIndependentTargetsInParallel = 1;
				LastSwiftUpdateCheck = 1420;
				LastUpgradeCheck = 1420;
				TargetAttributes = {
					80CB00CD299696600064003F = {
						CreatedOnToolsVersion = 14.2;
					};
				};
			};
			buildConfigurationList = 80CB00C9299696600064003F /* Build configuration list for PBXProject "ImmutableXApp" */;
			compatibilityVersion = "Xcode 14.0";
			developmentRegion = en;
			hasScannedForEncodings = 0;
			knownRegions = (
				en,
				Base,
			);
			mainGroup = 80CB00C5299696600064003F;
			packageReferences = (
				80AC399A2997D71B00734D0B /* XCRemoteSwiftPackageReference "Wink" */,
			);
			productRefGroup = 80CB00CF299696600064003F /* Products */;
			projectDirPath = "";
			projectRoot = "";
			targets = (
				80CB00CD299696600064003F /* ImmutableXApp */,
			);
		};
/* End PBXProject section */

/* Begin PBXResourcesBuildPhase section */
		80CB00CC299696600064003F /* Resources */ = {
			isa = PBXResourcesBuildPhase;
			buildActionMask = 2147483647;
			files = (
				DA14D40C2998FC5C0059EC86 /* Font.ttf in Resources */,
				80CB00DE299696630064003F /* LaunchScreen.storyboard in Resources */,
				80CB00DB299696630064003F /* Assets.xcassets in Resources */,
				80CB00D9299696600064003F /* Main.storyboard in Resources */,
				80AC39862997B9E800734D0B /* GeometryFighter.scnassets in Resources */,
			);
			runOnlyForDeploymentPostprocessing = 0;
		};
/* End PBXResourcesBuildPhase section */

/* Begin PBXShellScriptBuildPhase section */
		0DCBE9A3A8006F711B8A9DE9 /* [CP] Embed Pods Frameworks */ = {
			isa = PBXShellScriptBuildPhase;
			buildActionMask = 2147483647;
			files = (
			);
			inputFileListPaths = (
				"${PODS_ROOT}/Target Support Files/Pods-ImmutableXApp/Pods-ImmutableXApp-frameworks-${CONFIGURATION}-input-files.xcfilelist",
			);
			name = "[CP] Embed Pods Frameworks";
			outputFileListPaths = (
				"${PODS_ROOT}/Target Support Files/Pods-ImmutableXApp/Pods-ImmutableXApp-frameworks-${CONFIGURATION}-output-files.xcfilelist",
			);
			runOnlyForDeploymentPostprocessing = 0;
			shellPath = /bin/sh;
			shellScript = "\"${PODS_ROOT}/Target Support Files/Pods-ImmutableXApp/Pods-ImmutableXApp-frameworks.sh\"\n";
			showEnvVarsInLog = 0;
		};
		811C97C886B74CF50F5FC3B0 /* [CP] Check Pods Manifest.lock */ = {
			isa = PBXShellScriptBuildPhase;
			buildActionMask = 2147483647;
			files = (
			);
			inputFileListPaths = (
			);
			inputPaths = (
				"${PODS_PODFILE_DIR_PATH}/Podfile.lock",
				"${PODS_ROOT}/Manifest.lock",
			);
			name = "[CP] Check Pods Manifest.lock";
			outputFileListPaths = (
			);
			outputPaths = (
				"$(DERIVED_FILE_DIR)/Pods-ImmutableXApp-checkManifestLockResult.txt",
			);
			runOnlyForDeploymentPostprocessing = 0;
			shellPath = /bin/sh;
			shellScript = "diff \"${PODS_PODFILE_DIR_PATH}/Podfile.lock\" \"${PODS_ROOT}/Manifest.lock\" > /dev/null\nif [ $? != 0 ] ; then\n    # print error to STDERR\n    echo \"error: The sandbox is not in sync with the Podfile.lock. Run 'pod install' or update your CocoaPods installation.\" >&2\n    exit 1\nfi\n# This output is used by Xcode 'outputs' to avoid re-running this script phase.\necho \"SUCCESS\" > \"${SCRIPT_OUTPUT_FILE_0}\"\n";
			showEnvVarsInLog = 0;
		};
/* End PBXShellScriptBuildPhase section */

/* Begin PBXSourcesBuildPhase section */
		80CB00CA299696600064003F /* Sources */ = {
			isa = PBXSourcesBuildPhase;
			buildActionMask = 2147483647;
			files = (
				DA14D3EF2997C0830059EC86 /* GrayButton.swift in Sources */,
				80CB00F4299696F00064003F /* LoginState.swift in Sources */,
				DAF71A9B2997AFC6007D2332 /* PlayView.swift in Sources */,
				DA14D4062998DAB30059EC86 /* StatsCell.swift in Sources */,
				80CB00F5299696F00064003F /* ConnectedState.swift in Sources */,
				80AC39A92998416E00734D0B /* GameOverViewController.swift in Sources */,
				80AC39262996A4DB00734D0B /* Optional.swift in Sources */,
				DAF71A912997AE90007D2332 /* UIView+Ext.swift in Sources */,
				DA14D3F82997FEAB0059EC86 /* AssetViewCell.swift in Sources */,
				DA14D3F62997F87E0059EC86 /* AssetViewController.swift in Sources */,
				DA14D3E92997BDBB0059EC86 /* AssetView.swift in Sources */,
				DA14D3FA29980BFB0059EC86 /* TopBarView.swift in Sources */,
				DA14D3FF29982D100059EC86 /* GameOverView.swift in Sources */,
				DAF71A932997AEB8007D2332 /* UIButton+Ext.swift in Sources */,
				DAF71A972997AEE9007D2332 /* UIColor+Ext.swift in Sources */,
				DA14D3EB2997C04D0059EC86 /* GrayButtonView.swift in Sources */,
				DA14D40A2998DCE40059EC86 /* ForyouMarketplaceSlider.swift in Sources */,
				DAF71A952997AED7007D2332 /* UILabel+Ext.swift in Sources */,
				80AC399E2997DF7E00734D0B /* GameViewModel.swift in Sources */,
				80CB00FF2996A2920064003F /* HomeViewModel.swift in Sources */,
				80AC39922997BDFF00734D0B /* Float+Extensions.swift in Sources */,
				80AC39A0299800D600734D0B /* CGFloat+Ext.swift in Sources */,
				80AC39932997BDFF00734D0B /* SCNAction+Extensions.swift in Sources */,
				80AC39972997BDFF00734D0B /* Generics.swift in Sources */,
				80AC39912997BDFF00734D0B /* UIColor+Extensions.swift in Sources */,
				80CB01002996A2920064003F /* HomeView.swift in Sources */,
				80AC39AC2998556D00734D0B /* HttpManager.swift in Sources */,
				80CB00D6299696600064003F /* ViewController.swift in Sources */,
				DA14D401299891FB0059EC86 /* MarketView.swift in Sources */,
				DA14D3F12997D5180059EC86 /* ProfileViewController.swift in Sources */,
				DA14D3F32997D8310059EC86 /* ProfileView.swift in Sources */,
				80CB00D2299696600064003F /* AppDelegate.swift in Sources */,
				DA14D3ED2997C05D0059EC86 /* GrayButtonTextView.swift in Sources */,
				DA14D4082998DAC50059EC86 /* OverviewCell.swift in Sources */,
				80CB00F3299696F00064003F /* ErrorModel.swift in Sources */,
				80AC39A2299809F800734D0B /* SCNNode+Ext.swift in Sources */,
				DA14D4042998D9B10059EC86 /* MarketplaceViewController.swift in Sources */,
				80CB00D4299696600064003F /* SceneDelegate.swift in Sources */,
				80AC39282996D77C00734D0B /* GameViewController.swift in Sources */,
				DAF71A992997AEF8007D2332 /* UICollectionView+Ext.swift in Sources */,
				80AC39952997BDFF00734D0B /* Double+Extensions.swift in Sources */,
				80AC39962997BDFF00734D0B /* Int+Extensions.swift in Sources */,
				80AC39812997AD6500734D0B /* HomeViewController.swift in Sources */,
				80AC39942997BDFF00734D0B /* GameHelper.swift in Sources */,
			);
			runOnlyForDeploymentPostprocessing = 0;
		};
/* End PBXSourcesBuildPhase section */

/* Begin PBXVariantGroup section */
		80CB00D7299696600064003F /* Main.storyboard */ = {
			isa = PBXVariantGroup;
			children = (
				80CB00D8299696600064003F /* Base */,
			);
			name = Main.storyboard;
			sourceTree = "<group>";
		};
		80CB00DC299696630064003F /* LaunchScreen.storyboard */ = {
			isa = PBXVariantGroup;
			children = (
				80CB00DD299696630064003F /* Base */,
			);
			name = LaunchScreen.storyboard;
			sourceTree = "<group>";
		};
/* End PBXVariantGroup section */

/* Begin XCBuildConfiguration section */
		80CB00E0299696630064003F /* Debug */ = {
			isa = XCBuildConfiguration;
			buildSettings = {
				ALWAYS_SEARCH_USER_PATHS = NO;
				CLANG_ANALYZER_NONNULL = YES;
				CLANG_ANALYZER_NUMBER_OBJECT_CONVERSION = YES_AGGRESSIVE;
				CLANG_CXX_LANGUAGE_STANDARD = "gnu++20";
				CLANG_ENABLE_MODULES = YES;
				CLANG_ENABLE_OBJC_ARC = YES;
				CLANG_ENABLE_OBJC_WEAK = YES;
				CLANG_WARN_BLOCK_CAPTURE_AUTORELEASING = YES;
				CLANG_WARN_BOOL_CONVERSION = YES;
				CLANG_WARN_COMMA = YES;
				CLANG_WARN_CONSTANT_CONVERSION = YES;
				CLANG_WARN_DEPRECATED_OBJC_IMPLEMENTATIONS = YES;
				CLANG_WARN_DIRECT_OBJC_ISA_USAGE = YES_ERROR;
				CLANG_WARN_DOCUMENTATION_COMMENTS = YES;
				CLANG_WARN_EMPTY_BODY = YES;
				CLANG_WARN_ENUM_CONVERSION = YES;
				CLANG_WARN_INFINITE_RECURSION = YES;
				CLANG_WARN_INT_CONVERSION = YES;
				CLANG_WARN_NON_LITERAL_NULL_CONVERSION = YES;
				CLANG_WARN_OBJC_IMPLICIT_RETAIN_SELF = YES;
				CLANG_WARN_OBJC_LITERAL_CONVERSION = YES;
				CLANG_WARN_OBJC_ROOT_CLASS = YES_ERROR;
				CLANG_WARN_QUOTED_INCLUDE_IN_FRAMEWORK_HEADER = YES;
				CLANG_WARN_RANGE_LOOP_ANALYSIS = YES;
				CLANG_WARN_STRICT_PROTOTYPES = YES;
				CLANG_WARN_SUSPICIOUS_MOVE = YES;
				CLANG_WARN_UNGUARDED_AVAILABILITY = YES_AGGRESSIVE;
				CLANG_WARN_UNREACHABLE_CODE = YES;
				CLANG_WARN__DUPLICATE_METHOD_MATCH = YES;
				COPY_PHASE_STRIP = NO;
				DEBUG_INFORMATION_FORMAT = dwarf;
				ENABLE_STRICT_OBJC_MSGSEND = YES;
				ENABLE_TESTABILITY = YES;
				GCC_C_LANGUAGE_STANDARD = gnu11;
				GCC_DYNAMIC_NO_PIC = NO;
				GCC_NO_COMMON_BLOCKS = YES;
				GCC_OPTIMIZATION_LEVEL = 0;
				GCC_PREPROCESSOR_DEFINITIONS = (
					"DEBUG=1",
					"$(inherited)",
				);
				GCC_WARN_64_TO_32_BIT_CONVERSION = YES;
				GCC_WARN_ABOUT_RETURN_TYPE = YES_ERROR;
				GCC_WARN_UNDECLARED_SELECTOR = YES;
				GCC_WARN_UNINITIALIZED_AUTOS = YES_AGGRESSIVE;
				GCC_WARN_UNUSED_FUNCTION = YES;
				GCC_WARN_UNUSED_VARIABLE = YES;
				IPHONEOS_DEPLOYMENT_TARGET = 16.2;
				MTL_ENABLE_DEBUG_INFO = INCLUDE_SOURCE;
				MTL_FAST_MATH = YES;
				ONLY_ACTIVE_ARCH = YES;
				SDKROOT = iphoneos;
				SWIFT_ACTIVE_COMPILATION_CONDITIONS = DEBUG;
				SWIFT_OPTIMIZATION_LEVEL = "-Onone";
			};
			name = Debug;
		};
		80CB00E1299696630064003F /* Release */ = {
			isa = XCBuildConfiguration;
			buildSettings = {
				ALWAYS_SEARCH_USER_PATHS = NO;
				CLANG_ANALYZER_NONNULL = YES;
				CLANG_ANALYZER_NUMBER_OBJECT_CONVERSION = YES_AGGRESSIVE;
				CLANG_CXX_LANGUAGE_STANDARD = "gnu++20";
				CLANG_ENABLE_MODULES = YES;
				CLANG_ENABLE_OBJC_ARC = YES;
				CLANG_ENABLE_OBJC_WEAK = YES;
				CLANG_WARN_BLOCK_CAPTURE_AUTORELEASING = YES;
				CLANG_WARN_BOOL_CONVERSION = YES;
				CLANG_WARN_COMMA = YES;
				CLANG_WARN_CONSTANT_CONVERSION = YES;
				CLANG_WARN_DEPRECATED_OBJC_IMPLEMENTATIONS = YES;
				CLANG_WARN_DIRECT_OBJC_ISA_USAGE = YES_ERROR;
				CLANG_WARN_DOCUMENTATION_COMMENTS = YES;
				CLANG_WARN_EMPTY_BODY = YES;
				CLANG_WARN_ENUM_CONVERSION = YES;
				CLANG_WARN_INFINITE_RECURSION = YES;
				CLANG_WARN_INT_CONVERSION = YES;
				CLANG_WARN_NON_LITERAL_NULL_CONVERSION = YES;
				CLANG_WARN_OBJC_IMPLICIT_RETAIN_SELF = YES;
				CLANG_WARN_OBJC_LITERAL_CONVERSION = YES;
				CLANG_WARN_OBJC_ROOT_CLASS = YES_ERROR;
				CLANG_WARN_QUOTED_INCLUDE_IN_FRAMEWORK_HEADER = YES;
				CLANG_WARN_RANGE_LOOP_ANALYSIS = YES;
				CLANG_WARN_STRICT_PROTOTYPES = YES;
				CLANG_WARN_SUSPICIOUS_MOVE = YES;
				CLANG_WARN_UNGUARDED_AVAILABILITY = YES_AGGRESSIVE;
				CLANG_WARN_UNREACHABLE_CODE = YES;
				CLANG_WARN__DUPLICATE_METHOD_MATCH = YES;
				COPY_PHASE_STRIP = NO;
				DEBUG_INFORMATION_FORMAT = "dwarf-with-dsym";
				ENABLE_NS_ASSERTIONS = NO;
				ENABLE_STRICT_OBJC_MSGSEND = YES;
				GCC_C_LANGUAGE_STANDARD = gnu11;
				GCC_NO_COMMON_BLOCKS = YES;
				GCC_WARN_64_TO_32_BIT_CONVERSION = YES;
				GCC_WARN_ABOUT_RETURN_TYPE = YES_ERROR;
				GCC_WARN_UNDECLARED_SELECTOR = YES;
				GCC_WARN_UNINITIALIZED_AUTOS = YES_AGGRESSIVE;
				GCC_WARN_UNUSED_FUNCTION = YES;
				GCC_WARN_UNUSED_VARIABLE = YES;
				IPHONEOS_DEPLOYMENT_TARGET = 16.2;
				MTL_ENABLE_DEBUG_INFO = NO;
				MTL_FAST_MATH = YES;
				SDKROOT = iphoneos;
				SWIFT_COMPILATION_MODE = wholemodule;
				SWIFT_OPTIMIZATION_LEVEL = "-O";
				VALIDATE_PRODUCT = YES;
			};
			name = Release;
		};
		80CB00E3299696630064003F /* Debug */ = {
			isa = XCBuildConfiguration;
			baseConfigurationReference = CF7CAC18D586621601DDF87D /* Pods-ImmutableXApp.debug.xcconfig */;
			buildSettings = {
				ASSETCATALOG_COMPILER_APPICON_NAME = AppIcon;
				ASSETCATALOG_COMPILER_GLOBAL_ACCENT_COLOR_NAME = AccentColor;
				CODE_SIGN_STYLE = Automatic;
				CURRENT_PROJECT_VERSION = 1;
				DEVELOPMENT_TEAM = 288ZUH88HD;
				GENERATE_INFOPLIST_FILE = YES;
				INFOPLIST_FILE = ImmutableXApp/Info.plist;
				INFOPLIST_KEY_NSCameraUsageDescription = "to spy on you";
				INFOPLIST_KEY_UIApplicationSupportsIndirectInputEvents = YES;
				INFOPLIST_KEY_UILaunchStoryboardName = LaunchScreen;
				INFOPLIST_KEY_UIMainStoryboardFile = Main;
				INFOPLIST_KEY_UISupportedInterfaceOrientations_iPad = "UIInterfaceOrientationPortrait UIInterfaceOrientationPortraitUpsideDown UIInterfaceOrientationLandscapeLeft UIInterfaceOrientationLandscapeRight";
				INFOPLIST_KEY_UISupportedInterfaceOrientations_iPhone = "UIInterfaceOrientationPortrait UIInterfaceOrientationLandscapeLeft UIInterfaceOrientationLandscapeRight";
				IPHONEOS_DEPLOYMENT_TARGET = 16.0;
				LD_RUNPATH_SEARCH_PATHS = (
					"$(inherited)",
					"@executable_path/Frameworks",
				);
				MARKETING_VERSION = 1.0;
				PRODUCT_BUNDLE_IDENTIFIER = com.christian.ImmutableXApp;
				PRODUCT_NAME = "$(TARGET_NAME)";
				SUPPORTED_PLATFORMS = "iphoneos iphonesimulator";
				SUPPORTS_MACCATALYST = NO;
				SUPPORTS_MAC_DESIGNED_FOR_IPHONE_IPAD = NO;
				SWIFT_EMIT_LOC_STRINGS = YES;
				SWIFT_VERSION = 5.0;
				TARGETED_DEVICE_FAMILY = 1;
			};
			name = Debug;
		};
		80CB00E4299696630064003F /* Release */ = {
			isa = XCBuildConfiguration;
			baseConfigurationReference = 890EEEF61264A157E57FE9FE /* Pods-ImmutableXApp.release.xcconfig */;
			buildSettings = {
				ASSETCATALOG_COMPILER_APPICON_NAME = AppIcon;
				ASSETCATALOG_COMPILER_GLOBAL_ACCENT_COLOR_NAME = AccentColor;
				CODE_SIGN_STYLE = Automatic;
				CURRENT_PROJECT_VERSION = 1;
				DEVELOPMENT_TEAM = 288ZUH88HD;
				GENERATE_INFOPLIST_FILE = YES;
				INFOPLIST_FILE = ImmutableXApp/Info.plist;
				INFOPLIST_KEY_NSCameraUsageDescription = "to spy on you";
				INFOPLIST_KEY_UIApplicationSupportsIndirectInputEvents = YES;
				INFOPLIST_KEY_UILaunchStoryboardName = LaunchScreen;
				INFOPLIST_KEY_UIMainStoryboardFile = Main;
				INFOPLIST_KEY_UISupportedInterfaceOrientations_iPad = "UIInterfaceOrientationPortrait UIInterfaceOrientationPortraitUpsideDown UIInterfaceOrientationLandscapeLeft UIInterfaceOrientationLandscapeRight";
				INFOPLIST_KEY_UISupportedInterfaceOrientations_iPhone = "UIInterfaceOrientationPortrait UIInterfaceOrientationLandscapeLeft UIInterfaceOrientationLandscapeRight";
				IPHONEOS_DEPLOYMENT_TARGET = 16.0;
				LD_RUNPATH_SEARCH_PATHS = (
					"$(inherited)",
					"@executable_path/Frameworks",
				);
				MARKETING_VERSION = 1.0;
				PRODUCT_BUNDLE_IDENTIFIER = com.christian.ImmutableXApp;
				PRODUCT_NAME = "$(TARGET_NAME)";
				SUPPORTED_PLATFORMS = "iphoneos iphonesimulator";
				SUPPORTS_MACCATALYST = NO;
				SUPPORTS_MAC_DESIGNED_FOR_IPHONE_IPAD = NO;
				SWIFT_EMIT_LOC_STRINGS = YES;
				SWIFT_VERSION = 5.0;
				TARGETED_DEVICE_FAMILY = 1;
			};
			name = Release;
		};
/* End XCBuildConfiguration section */

/* Begin XCConfigurationList section */
		80CB00C9299696600064003F /* Build configuration list for PBXProject "ImmutableXApp" */ = {
			isa = XCConfigurationList;
			buildConfigurations = (
				80CB00E0299696630064003F /* Debug */,
				80CB00E1299696630064003F /* Release */,
			);
			defaultConfigurationIsVisible = 0;
			defaultConfigurationName = Release;
		};
		80CB00E2299696630064003F /* Build configuration list for PBXNativeTarget "ImmutableXApp" */ = {
			isa = XCConfigurationList;
			buildConfigurations = (
				80CB00E3299696630064003F /* Debug */,
				80CB00E4299696630064003F /* Release */,
			);
			defaultConfigurationIsVisible = 0;
			defaultConfigurationName = Release;
		};
/* End XCConfigurationList section */

/* Begin XCRemoteSwiftPackageReference section */
		80AC399A2997D71B00734D0B /* XCRemoteSwiftPackageReference "Wink" */ = {
			isa = XCRemoteSwiftPackageReference;
			repositoryURL = "https://github.com/toupper/Wink.git";
			requirement = {
				branch = main;
				kind = branch;
			};
		};
/* End XCRemoteSwiftPackageReference section */

/* Begin XCSwiftPackageProductDependency section */
		80AC399B2997D71B00734D0B /* Wink */ = {
			isa = XCSwiftPackageProductDependency;
			package = 80AC399A2997D71B00734D0B /* XCRemoteSwiftPackageReference "Wink" */;
			productName = Wink;
		};
/* End XCSwiftPackageProductDependency section */
	};
	rootObject = 80CB00C6299696600064003F /* Project object */;
}
